// !$*UTF8*$!
{
	archiveVersion = 1;
	classes = {
	};
	objectVersion = 50;
	objects = {

/* Begin PBXBuildFile section */
		99CDB0412337B8CA009FFADF /* AppDelegate.swift in Sources */ = {isa = PBXBuildFile; fileRef = 99CDB0402337B8CA009FFADF /* AppDelegate.swift */; };
		99CDB0432337B8CA009FFADF /* SceneDelegate.swift in Sources */ = {isa = PBXBuildFile; fileRef = 99CDB0422337B8CA009FFADF /* SceneDelegate.swift */; };
		99CDB0452337B8CA009FFADF /* ContentView.swift in Sources */ = {isa = PBXBuildFile; fileRef = 99CDB0442337B8CA009FFADF /* ContentView.swift */; };
		99CDB0472337B8DE009FFADF /* Assets.xcassets in Resources */ = {isa = PBXBuildFile; fileRef = 99CDB0462337B8DE009FFADF /* Assets.xcassets */; };
		99CDB04A2337B8DE009FFADF /* Preview Assets.xcassets in Resources */ = {isa = PBXBuildFile; fileRef = 99CDB0492337B8DE009FFADF /* Preview Assets.xcassets */; };
		99CDB04D2337B8DE009FFADF /* LaunchScreen.storyboard in Resources */ = {isa = PBXBuildFile; fileRef = 99CDB04B2337B8DE009FFADF /* LaunchScreen.storyboard */; };
		99CDB0582337B8DF009FFADF /* YPSwiftUITests.swift in Sources */ = {isa = PBXBuildFile; fileRef = 99CDB0572337B8DF009FFADF /* YPSwiftUITests.swift */; };
		99CDB0632337B8E0009FFADF /* YPSwiftUIUITests.swift in Sources */ = {isa = PBXBuildFile; fileRef = 99CDB0622337B8E0009FFADF /* YPSwiftUIUITests.swift */; };
/* End PBXBuildFile section */

/* Begin PBXContainerItemProxy section */
		99CDB0542337B8DF009FFADF /* PBXContainerItemProxy */ = {
			isa = PBXContainerItemProxy;
			containerPortal = 99CDB0352337B8CA009FFADF /* Project object */;
			proxyType = 1;
			remoteGlobalIDString = 99CDB03C2337B8CA009FFADF;
			remoteInfo = YPSwiftUI;
		};
		99CDB05F2337B8E0009FFADF /* PBXContainerItemProxy */ = {
			isa = PBXContainerItemProxy;
			containerPortal = 99CDB0352337B8CA009FFADF /* Project object */;
			proxyType = 1;
			remoteGlobalIDString = 99CDB03C2337B8CA009FFADF;
			remoteInfo = YPSwiftUI;
		};
/* End PBXContainerItemProxy section */

/* Begin PBXFileReference section */
		99CDB03D2337B8CA009FFADF /* YPSwiftUI.app */ = {isa = PBXFileReference; explicitFileType = wrapper.application; includeInIndex = 0; path = YPSwiftUI.app; sourceTree = BUILT_PRODUCTS_DIR; };
		99CDB0402337B8CA009FFADF /* AppDelegate.swift */ = {isa = PBXFileReference; lastKnownFileType = sourcecode.swift; path = AppDelegate.swift; sourceTree = "<group>"; };
		99CDB0422337B8CA009FFADF /* SceneDelegate.swift */ = {isa = PBXFileReference; lastKnownFileType = sourcecode.swift; path = SceneDelegate.swift; sourceTree = "<group>"; };
		99CDB0442337B8CA009FFADF /* ContentView.swift */ = {isa = PBXFileReference; lastKnownFileType = sourcecode.swift; path = ContentView.swift; sourceTree = "<group>"; };
		99CDB0462337B8DE009FFADF /* Assets.xcassets */ = {isa = PBXFileReference; lastKnownFileType = folder.assetcatalog; path = Assets.xcassets; sourceTree = "<group>"; };
		99CDB0492337B8DE009FFADF /* Preview Assets.xcassets */ = {isa = PBXFileReference; lastKnownFileType = folder.assetcatalog; path = "Preview Assets.xcassets"; sourceTree = "<group>"; };
		99CDB04C2337B8DE009FFADF /* Base */ = {isa = PBXFileReference; lastKnownFileType = file.storyboard; name = Base; path = Base.lproj/LaunchScreen.storyboard; sourceTree = "<group>"; };
		99CDB04E2337B8DE009FFADF /* Info.plist */ = {isa = PBXFileReference; lastKnownFileType = text.plist.xml; path = Info.plist; sourceTree = "<group>"; };
		99CDB0532337B8DF009FFADF /* YPSwiftUITests.xctest */ = {isa = PBXFileReference; explicitFileType = wrapper.cfbundle; includeInIndex = 0; path = YPSwiftUITests.xctest; sourceTree = BUILT_PRODUCTS_DIR; };
		99CDB0572337B8DF009FFADF /* YPSwiftUITests.swift */ = {isa = PBXFileReference; lastKnownFileType = sourcecode.swift; path = YPSwiftUITests.swift; sourceTree = "<group>"; };
		99CDB0592337B8E0009FFADF /* Info.plist */ = {isa = PBXFileReference; lastKnownFileType = text.plist.xml; path = Info.plist; sourceTree = "<group>"; };
		99CDB05E2337B8E0009FFADF /* YPSwiftUIUITests.xctest */ = {isa = PBXFileReference; explicitFileType = wrapper.cfbundle; includeInIndex = 0; path = YPSwiftUIUITests.xctest; sourceTree = BUILT_PRODUCTS_DIR; };
		99CDB0622337B8E0009FFADF /* YPSwiftUIUITests.swift */ = {isa = PBXFileReference; lastKnownFileType = sourcecode.swift; path = YPSwiftUIUITests.swift; sourceTree = "<group>"; };
		99CDB0642337B8E0009FFADF /* Info.plist */ = {isa = PBXFileReference; lastKnownFileType = text.plist.xml; path = Info.plist; sourceTree = "<group>"; };
/* End PBXFileReference section */

/* Begin PBXFrameworksBuildPhase section */
		99CDB03A2337B8CA009FFADF /* Frameworks */ = {
			isa = PBXFrameworksBuildPhase;
			buildActionMask = 2147483647;
			files = (
			);
			runOnlyForDeploymentPostprocessing = 0;
		};
		99CDB0502337B8DF009FFADF /* Frameworks */ = {
			isa = PBXFrameworksBuildPhase;
			buildActionMask = 2147483647;
			files = (
			);
			runOnlyForDeploymentPostprocessing = 0;
		};
		99CDB05B2337B8E0009FFADF /* Frameworks */ = {
			isa = PBXFrameworksBuildPhase;
			buildActionMask = 2147483647;
			files = (
			);
			runOnlyForDeploymentPostprocessing = 0;
		};
/* End PBXFrameworksBuildPhase section */

/* Begin PBXGroup section */
		99CDB0342337B8CA009FFADF = {
			isa = PBXGroup;
			children = (
				99CDB03F2337B8CA009FFADF /* YPSwiftUI */,
				99CDB0562337B8DF009FFADF /* YPSwiftUITests */,
				99CDB0612337B8E0009FFADF /* YPSwiftUIUITests */,
				99CDB03E2337B8CA009FFADF /* Products */,
			);
			sourceTree = "<group>";
		};
		99CDB03E2337B8CA009FFADF /* Products */ = {
			isa = PBXGroup;
			children = (
				99CDB03D2337B8CA009FFADF /* YPSwiftUI.app */,
				99CDB0532337B8DF009FFADF /* YPSwiftUITests.xctest */,
				99CDB05E2337B8E0009FFADF /* YPSwiftUIUITests.xctest */,
			);
			name = Products;
			sourceTree = "<group>";
		};
		99CDB03F2337B8CA009FFADF /* YPSwiftUI */ = {
			isa = PBXGroup;
			children = (
				99CDB0402337B8CA009FFADF /* AppDelegate.swift */,
				99CDB0422337B8CA009FFADF /* SceneDelegate.swift */,
				99CDB0442337B8CA009FFADF /* ContentView.swift */,
				99CDB0462337B8DE009FFADF /* Assets.xcassets */,
				99CDB04B2337B8DE009FFADF /* LaunchScreen.storyboard */,
				99CDB04E2337B8DE009FFADF /* Info.plist */,
				99CDB0482337B8DE009FFADF /* Preview Content */,
			);
			path = YPSwiftUI;
			sourceTree = "<group>";
		};
		99CDB0482337B8DE009FFADF /* Preview Content */ = {
			isa = PBXGroup;
			children = (
				99CDB0492337B8DE009FFADF /* Preview Assets.xcassets */,
			);
			path = "Preview Content";
			sourceTree = "<group>";
		};
		99CDB0562337B8DF009FFADF /* YPSwiftUITests */ = {
			isa = PBXGroup;
			children = (
				99CDB0572337B8DF009FFADF /* YPSwiftUITests.swift */,
				99CDB0592337B8E0009FFADF /* Info.plist */,
			);
			path = YPSwiftUITests;
			sourceTree = "<group>";
		};
		99CDB0612337B8E0009FFADF /* YPSwiftUIUITests */ = {
			isa = PBXGroup;
			children = (
				99CDB0622337B8E0009FFADF /* YPSwiftUIUITests.swift */,
				99CDB0642337B8E0009FFADF /* Info.plist */,
			);
			path = YPSwiftUIUITests;
			sourceTree = "<group>";
		};
/* End PBXGroup section */

/* Begin PBXNativeTarget section */
		99CDB03C2337B8CA009FFADF /* YPSwiftUI */ = {
			isa = PBXNativeTarget;
			buildConfigurationList = 99CDB0672337B8E0009FFADF /* Build configuration list for PBXNativeTarget "YPSwiftUI" */;
			buildPhases = (
				99CDB0392337B8CA009FFADF /* Sources */,
				99CDB03A2337B8CA009FFADF /* Frameworks */,
				99CDB03B2337B8CA009FFADF /* Resources */,
			);
			buildRules = (
			);
			dependencies = (
			);
			name = YPSwiftUI;
			productName = YPSwiftUI;
			productReference = 99CDB03D2337B8CA009FFADF /* YPSwiftUI.app */;
			productType = "com.apple.product-type.application";
		};
		99CDB0522337B8DF009FFADF /* YPSwiftUITests */ = {
			isa = PBXNativeTarget;
			buildConfigurationList = 99CDB06A2337B8E0009FFADF /* Build configuration list for PBXNativeTarget "YPSwiftUITests" */;
			buildPhases = (
				99CDB04F2337B8DF009FFADF /* Sources */,
				99CDB0502337B8DF009FFADF /* Frameworks */,
				99CDB0512337B8DF009FFADF /* Resources */,
			);
			buildRules = (
			);
			dependencies = (
				99CDB0552337B8DF009FFADF /* PBXTargetDependency */,
			);
			name = YPSwiftUITests;
			productName = YPSwiftUITests;
			productReference = 99CDB0532337B8DF009FFADF /* YPSwiftUITests.xctest */;
			productType = "com.apple.product-type.bundle.unit-test";
		};
		99CDB05D2337B8E0009FFADF /* YPSwiftUIUITests */ = {
			isa = PBXNativeTarget;
			buildConfigurationList = 99CDB06D2337B8E0009FFADF /* Build configuration list for PBXNativeTarget "YPSwiftUIUITests" */;
			buildPhases = (
				99CDB05A2337B8E0009FFADF /* Sources */,
				99CDB05B2337B8E0009FFADF /* Frameworks */,
				99CDB05C2337B8E0009FFADF /* Resources */,
			);
			buildRules = (
			);
			dependencies = (
				99CDB0602337B8E0009FFADF /* PBXTargetDependency */,
			);
			name = YPSwiftUIUITests;
			productName = YPSwiftUIUITests;
			productReference = 99CDB05E2337B8E0009FFADF /* YPSwiftUIUITests.xctest */;
			productType = "com.apple.product-type.bundle.ui-testing";
		};
/* End PBXNativeTarget section */

/* Begin PBXProject section */
		99CDB0352337B8CA009FFADF /* Project object */ = {
			isa = PBXProject;
			attributes = {
				LastSwiftUpdateCheck = 1100;
				LastUpgradeCheck = 1100;
				ORGANIZATIONNAME = LYP;
				TargetAttributes = {
					99CDB03C2337B8CA009FFADF = {
						CreatedOnToolsVersion = 11.0;
					};
					99CDB0522337B8DF009FFADF = {
						CreatedOnToolsVersion = 11.0;
						TestTargetID = 99CDB03C2337B8CA009FFADF;
					};
					99CDB05D2337B8E0009FFADF = {
						CreatedOnToolsVersion = 11.0;
						TestTargetID = 99CDB03C2337B8CA009FFADF;
					};
				};
			};
			buildConfigurationList = 99CDB0382337B8CA009FFADF /* Build configuration list for PBXProject "YPSwiftUI" */;
			compatibilityVersion = "Xcode 9.3";
			developmentRegion = en;
			hasScannedForEncodings = 0;
			knownRegions = (
				en,
				Base,
			);
			mainGroup = 99CDB0342337B8CA009FFADF;
			productRefGroup = 99CDB03E2337B8CA009FFADF /* Products */;
			projectDirPath = "";
			projectRoot = "";
			targets = (
				99CDB03C2337B8CA009FFADF /* YPSwiftUI */,
				99CDB0522337B8DF009FFADF /* YPSwiftUITests */,
				99CDB05D2337B8E0009FFADF /* YPSwiftUIUITests */,
			);
		};
/* End PBXProject section */

/* Begin PBXResourcesBuildPhase section */
		99CDB03B2337B8CA009FFADF /* Resources */ = {
			isa = PBXResourcesBuildPhase;
			buildActionMask = 2147483647;
			files = (
				99CDB04D2337B8DE009FFADF /* LaunchScreen.storyboard in Resources */,
				99CDB04A2337B8DE009FFADF /* Preview Assets.xcassets in Resources */,
				99CDB0472337B8DE009FFADF /* Assets.xcassets in Resources */,
			);
			runOnlyForDeploymentPostprocessing = 0;
		};
		99CDB0512337B8DF009FFADF /* Resources */ = {
			isa = PBXResourcesBuildPhase;
			buildActionMask = 2147483647;
			files = (
			);
			runOnlyForDeploymentPostprocessing = 0;
		};
		99CDB05C2337B8E0009FFADF /* Resources */ = {
			isa = PBXResourcesBuildPhase;
			buildActionMask = 2147483647;
			files = (
			);
			runOnlyForDeploymentPostprocessing = 0;
		};
/* End PBXResourcesBuildPhase section */

/* Begin PBXSourcesBuildPhase section */
		99CDB0392337B8CA009FFADF /* Sources */ = {
			isa = PBXSourcesBuildPhase;
			buildActionMask = 2147483647;
			files = (
				99CDB0412337B8CA009FFADF /* AppDelegate.swift in Sources */,
				99CDB0432337B8CA009FFADF /* SceneDelegate.swift in Sources */,
				99CDB0452337B8CA009FFADF /* ContentView.swift in Sources */,
			);
			runOnlyForDeploymentPostprocessing = 0;
		};
		99CDB04F2337B8DF009FFADF /* Sources */ = {
			isa = PBXSourcesBuildPhase;
			buildActionMask = 2147483647;
			files = (
				99CDB0582337B8DF009FFADF /* YPSwiftUITests.swift in Sources */,
			);
			runOnlyForDeploymentPostprocessing = 0;
		};
		99CDB05A2337B8E0009FFADF /* Sources */ = {
			isa = PBXSourcesBuildPhase;
			buildActionMask = 2147483647;
			files = (
				99CDB0632337B8E0009FFADF /* YPSwiftUIUITests.swift in Sources */,
			);
			runOnlyForDeploymentPostprocessing = 0;
		};
/* End PBXSourcesBuildPhase section */

/* Begin PBXTargetDependency section */
		99CDB0552337B8DF009FFADF /* PBXTargetDependency */ = {
			isa = PBXTargetDependency;
			target = 99CDB03C2337B8CA009FFADF /* YPSwiftUI */;
			targetProxy = 99CDB0542337B8DF009FFADF /* PBXContainerItemProxy */;
		};
		99CDB0602337B8E0009FFADF /* PBXTargetDependency */ = {
			isa = PBXTargetDependency;
			target = 99CDB03C2337B8CA009FFADF /* YPSwiftUI */;
			targetProxy = 99CDB05F2337B8E0009FFADF /* PBXContainerItemProxy */;
		};
/* End PBXTargetDependency section */

/* Begin PBXVariantGroup section */
		99CDB04B2337B8DE009FFADF /* LaunchScreen.storyboard */ = {
			isa = PBXVariantGroup;
			children = (
				99CDB04C2337B8DE009FFADF /* Base */,
			);
			name = LaunchScreen.storyboard;
			sourceTree = "<group>";
		};
/* End PBXVariantGroup section */

/* Begin XCBuildConfiguration section */
		99CDB0652337B8E0009FFADF /* Debug */ = {
			isa = XCBuildConfiguration;
			buildSettings = {
				ALWAYS_SEARCH_USER_PATHS = NO;
				CLANG_ANALYZER_NONNULL = YES;
				CLANG_ANALYZER_NUMBER_OBJECT_CONVERSION = YES_AGGRESSIVE;
				CLANG_CXX_LANGUAGE_STANDARD = "gnu++14";
				CLANG_CXX_LIBRARY = "libc++";
				CLANG_ENABLE_MODULES = YES;
				CLANG_ENABLE_OBJC_ARC = YES;
				CLANG_ENABLE_OBJC_WEAK = YES;
				CLANG_WARN_BLOCK_CAPTURE_AUTORELEASING = YES;
				CLANG_WARN_BOOL_CONVERSION = YES;
				CLANG_WARN_COMMA = YES;
				CLANG_WARN_CONSTANT_CONVERSION = YES;
				CLANG_WARN_DEPRECATED_OBJC_IMPLEMENTATIONS = YES;
				CLANG_WARN_DIRECT_OBJC_ISA_USAGE = YES_ERROR;
				CLANG_WARN_DOCUMENTATION_COMMENTS = YES;
				CLANG_WARN_EMPTY_BODY = YES;
				CLANG_WARN_ENUM_CONVERSION = YES;
				CLANG_WARN_INFINITE_RECURSION = YES;
				CLANG_WARN_INT_CONVERSION = YES;
				CLANG_WARN_NON_LITERAL_NULL_CONVERSION = YES;
				CLANG_WARN_OBJC_IMPLICIT_RETAIN_SELF = YES;
				CLANG_WARN_OBJC_LITERAL_CONVERSION = YES;
				CLANG_WARN_OBJC_ROOT_CLASS = YES_ERROR;
				CLANG_WARN_RANGE_LOOP_ANALYSIS = YES;
				CLANG_WARN_STRICT_PROTOTYPES = YES;
				CLANG_WARN_SUSPICIOUS_MOVE = YES;
				CLANG_WARN_UNGUARDED_AVAILABILITY = YES_AGGRESSIVE;
				CLANG_WARN_UNREACHABLE_CODE = YES;
				CLANG_WARN__DUPLICATE_METHOD_MATCH = YES;
				COPY_PHASE_STRIP = NO;
				DEBUG_INFORMATION_FORMAT = dwarf;
				ENABLE_STRICT_OBJC_MSGSEND = YES;
				ENABLE_TESTABILITY = YES;
				GCC_C_LANGUAGE_STANDARD = gnu11;
				GCC_DYNAMIC_NO_PIC = NO;
				GCC_NO_COMMON_BLOCKS = YES;
				GCC_OPTIMIZATION_LEVEL = 0;
				GCC_PREPROCESSOR_DEFINITIONS = (
					"DEBUG=1",
					"$(inherited)",
				);
				GCC_WARN_64_TO_32_BIT_CONVERSION = YES;
				GCC_WARN_ABOUT_RETURN_TYPE = YES_ERROR;
				GCC_WARN_UNDECLARED_SELECTOR = YES;
				GCC_WARN_UNINITIALIZED_AUTOS = YES_AGGRESSIVE;
				GCC_WARN_UNUSED_FUNCTION = YES;
				GCC_WARN_UNUSED_VARIABLE = YES;
				IPHONEOS_DEPLOYMENT_TARGET = 13.0;
				MTL_ENABLE_DEBUG_INFO = INCLUDE_SOURCE;
				MTL_FAST_MATH = YES;
				ONLY_ACTIVE_ARCH = YES;
				SDKROOT = iphoneos;
				SWIFT_ACTIVE_COMPILATION_CONDITIONS = DEBUG;
				SWIFT_OPTIMIZATION_LEVEL = "-Onone";
			};
			name = Debug;
		};
		99CDB0662337B8E0009FFADF /* Release */ = {
			isa = XCBuildConfiguration;
			buildSettings = {
				ALWAYS_SEARCH_USER_PATHS = NO;
				CLANG_ANALYZER_NONNULL = YES;
				CLANG_ANALYZER_NUMBER_OBJECT_CONVERSION = YES_AGGRESSIVE;
				CLANG_CXX_LANGUAGE_STANDARD = "gnu++14";
				CLANG_CXX_LIBRARY = "libc++";
				CLANG_ENABLE_MODULES = YES;
				CLANG_ENABLE_OBJC_ARC = YES;
				CLANG_ENABLE_OBJC_WEAK = YES;
				CLANG_WARN_BLOCK_CAPTURE_AUTORELEASING = YES;
				CLANG_WARN_BOOL_CONVERSION = YES;
				CLANG_WARN_COMMA = YES;
				CLANG_WARN_CONSTANT_CONVERSION = YES;
				CLANG_WARN_DEPRECATED_OBJC_IMPLEMENTATIONS = YES;
				CLANG_WARN_DIRECT_OBJC_ISA_USAGE = YES_ERROR;
				CLANG_WARN_DOCUMENTATION_COMMENTS = YES;
				CLANG_WARN_EMPTY_BODY = YES;
				CLANG_WARN_ENUM_CONVERSION = YES;
				CLANG_WARN_INFINITE_RECURSION = YES;
				CLANG_WARN_INT_CONVERSION = YES;
				CLANG_WARN_NON_LITERAL_NULL_CONVERSION = YES;
				CLANG_WARN_OBJC_IMPLICIT_RETAIN_SELF = YES;
				CLANG_WARN_OBJC_LITERAL_CONVERSION = YES;
				CLANG_WARN_OBJC_ROOT_CLASS = YES_ERROR;
				CLANG_WARN_RANGE_LOOP_ANALYSIS = YES;
				CLANG_WARN_STRICT_PROTOTYPES = YES;
				CLANG_WARN_SUSPICIOUS_MOVE = YES;
				CLANG_WARN_UNGUARDED_AVAILABILITY = YES_AGGRESSIVE;
				CLANG_WARN_UNREACHABLE_CODE = YES;
				CLANG_WARN__DUPLICATE_METHOD_MATCH = YES;
				COPY_PHASE_STRIP = NO;
				DEBUG_INFORMATION_FORMAT = "dwarf-with-dsym";
				ENABLE_NS_ASSERTIONS = NO;
				ENABLE_STRICT_OBJC_MSGSEND = YES;
				GCC_C_LANGUAGE_STANDARD = gnu11;
				GCC_NO_COMMON_BLOCKS = YES;
				GCC_WARN_64_TO_32_BIT_CONVERSION = YES;
				GCC_WARN_ABOUT_RETURN_TYPE = YES_ERROR;
				GCC_WARN_UNDECLARED_SELECTOR = YES;
				GCC_WARN_UNINITIALIZED_AUTOS = YES_AGGRESSIVE;
				GCC_WARN_UNUSED_FUNCTION = YES;
				GCC_WARN_UNUSED_VARIABLE = YES;
				IPHONEOS_DEPLOYMENT_TARGET = 13.0;
				MTL_ENABLE_DEBUG_INFO = NO;
				MTL_FAST_MATH = YES;
				SDKROOT = iphoneos;
				SWIFT_COMPILATION_MODE = wholemodule;
				SWIFT_OPTIMIZATION_LEVEL = "-O";
				VALIDATE_PRODUCT = YES;
			};
			name = Release;
		};
		99CDB0682337B8E0009FFADF /* Debug */ = {
			isa = XCBuildConfiguration;
			buildSettings = {
				ASSETCATALOG_COMPILER_APPICON_NAME = AppIcon;
				CODE_SIGN_STYLE = Automatic;
				DEVELOPMENT_ASSET_PATHS = "\"YPSwiftUI/Preview Content\"";
				DEVELOPMENT_TEAM = DN43523GZM;
				ENABLE_PREVIEWS = YES;
				INFOPLIST_FILE = YPSwiftUI/Info.plist;
				LD_RUNPATH_SEARCH_PATHS = (
					"$(inherited)",
					"@executable_path/Frameworks",
				);
				PRODUCT_BUNDLE_IDENTIFIER = animal.YPSwiftUI;
				PRODUCT_NAME = "$(TARGET_NAME)";
				SWIFT_VERSION = 5.0;
				TARGETED_DEVICE_FAMILY = "1,2";
			};
			name = Debug;
		};
		99CDB0692337B8E0009FFADF /* Release */ = {
			isa = XCBuildConfiguration;
			buildSettings = {
				ASSETCATALOG_COMPILER_APPICON_NAME = AppIcon;
				CODE_SIGN_STYLE = Automatic;
				DEVELOPMENT_ASSET_PATHS = "\"YPSwiftUI/Preview Content\"";
				DEVELOPMENT_TEAM = DN43523GZM;
				ENABLE_PREVIEWS = YES;
				INFOPLIST_FILE = YPSwiftUI/Info.plist;
				LD_RUNPATH_SEARCH_PATHS = (
					"$(inherited)",
					"@executable_path/Frameworks",
				);
				PRODUCT_BUNDLE_IDENTIFIER = animal.YPSwiftUI;
				PRODUCT_NAME = "$(TARGET_NAME)";
				SWIFT_VERSION = 5.0;
				TARGETED_DEVICE_FAMILY = "1,2";
			};
			name = Release;
		};
		99CDB06B2337B8E0009FFADF /* Debug */ = {
			isa = XCBuildConfiguration;
			buildSettings = {
				ALWAYS_EMBED_SWIFT_STANDARD_LIBRARIES = YES;
				BUNDLE_LOADER = "$(TEST_HOST)";
				CODE_SIGN_STYLE = Automatic;
				DEVELOPMENT_TEAM = DN43523GZM;
				INFOPLIST_FILE = YPSwiftUITests/Info.plist;
				IPHONEOS_DEPLOYMENT_TARGET = 13.0;
				LD_RUNPATH_SEARCH_PATHS = (
					"$(inherited)",
					"@executable_path/Frameworks",
					"@loader_path/Frameworks",
				);
				PRODUCT_BUNDLE_IDENTIFIER = animal.YPSwiftUITests;
				PRODUCT_NAME = "$(TARGET_NAME)";
				SWIFT_VERSION = 5.0;
				TARGETED_DEVICE_FAMILY = "1,2";
				TEST_HOST = "$(BUILT_PRODUCTS_DIR)/YPSwiftUI.app/YPSwiftUI";
			};
			name = Debug;
		};
		99CDB06C2337B8E0009FFADF /* Release */ = {
			isa = XCBuildConfiguration;
			buildSettings = {
				ALWAYS_EMBED_SWIFT_STANDARD_LIBRARIES = YES;
				BUNDLE_LOADER = "$(TEST_HOST)";
				CODE_SIGN_STYLE = Automatic;
				DEVELOPMENT_TEAM = DN43523GZM;
				INFOPLIST_FILE = YPSwiftUITests/Info.plist;
				IPHONEOS_DEPLOYMENT_TARGET = 13.0;
				LD_RUNPATH_SEARCH_PATHS = (
					"$(inherited)",
					"@executable_path/Frameworks",
					"@loader_path/Frameworks",
				);
				PRODUCT_BUNDLE_IDENTIFIER = animal.YPSwiftUITests;
				PRODUCT_NAME = "$(TARGET_NAME)";
				SWIFT_VERSION = 5.0;
				TARGETED_DEVICE_FAMILY = "1,2";
				TEST_HOST = "$(BUILT_PRODUCTS_DIR)/YPSwiftUI.app/YPSwiftUI";
			};
			name = Release;
		};
		99CDB06E2337B8E0009FFADF /* Debug */ = {
			isa = XCBuildConfiguration;
			buildSettings = {
				ALWAYS_EMBED_SWIFT_STANDARD_LIBRARIES = YES;
				CODE_SIGN_STYLE = Automatic;
				DEVELOPMENT_TEAM = DN43523GZM;
				INFOPLIST_FILE = YPSwiftUIUITests/Info.plist;
				LD_RUNPATH_SEARCH_PATHS = (
					"$(inherited)",
					"@executable_path/Frameworks",
					"@loader_path/Frameworks",
				);
				PRODUCT_BUNDLE_IDENTIFIER = animal.YPSwiftUIUITests;
				PRODUCT_NAME = "$(TARGET_NAME)";
				SWIFT_VERSION = 5.0;
				TARGETED_DEVICE_FAMILY = "1,2";
				TEST_TARGET_NAME = YPSwiftUI;
			};
			name = Debug;
		};
		99CDB06F2337B8E0009FFADF /* Release */ = {
			isa = XCBuildConfiguration;
			buildSettings = {
				ALWAYS_EMBED_SWIFT_STANDARD_LIBRARIES = YES;
				CODE_SIGN_STYLE = Automatic;
				DEVELOPMENT_TEAM = DN43523GZM;
				INFOPLIST_FILE = YPSwiftUIUITests/Info.plist;
				LD_RUNPATH_SEARCH_PATHS = (
					"$(inherited)",
					"@executable_path/Frameworks",
					"@loader_path/Frameworks",
				);
				PRODUCT_BUNDLE_IDENTIFIER = animal.YPSwiftUIUITests;
				PRODUCT_NAME = "$(TARGET_NAME)";
				SWIFT_VERSION = 5.0;
				TARGETED_DEVICE_FAMILY = "1,2";
				TEST_TARGET_NAME = YPSwiftUI;
			};
			name = Release;
		};
/* End XCBuildConfiguration section */

/* Begin XCConfigurationList section */
		99CDB0382337B8CA009FFADF /* Build configuration list for PBXProject "YPSwiftUI" */ = {
			isa = XCConfigurationList;
			buildConfigurations = (
				99CDB0652337B8E0009FFADF /* Debug */,
				99CDB0662337B8E0009FFADF /* Release */,
			);
			defaultConfigurationIsVisible = 0;
			defaultConfigurationName = Release;
		};
		99CDB0672337B8E0009FFADF /* Build configuration list for PBXNativeTarget "YPSwiftUI" */ = {
			isa = XCConfigurationList;
			buildConfigurations = (
				99CDB0682337B8E0009FFADF /* Debug */,
				99CDB0692337B8E0009FFADF /* Release */,
			);
			defaultConfigurationIsVisible = 0;
			defaultConfigurationName = Release;
		};
		99CDB06A2337B8E0009FFADF /* Build configuration list for PBXNativeTarget "YPSwiftUITests" */ = {
			isa = XCConfigurationList;
			buildConfigurations = (
				99CDB06B2337B8E0009FFADF /* Debug */,
				99CDB06C2337B8E0009FFADF /* Release */,
			);
			defaultConfigurationIsVisible = 0;
			defaultConfigurationName = Release;
		};
		99CDB06D2337B8E0009FFADF /* Build configuration list for PBXNativeTarget "YPSwiftUIUITests" */ = {
			isa = XCConfigurationList;
			buildConfigurations = (
				99CDB06E2337B8E0009FFADF /* Debug */,
				99CDB06F2337B8E0009FFADF /* Release */,
			);
			defaultConfigurationIsVisible = 0;
			defaultConfigurationName = Release;
		};
/* End XCConfigurationList section */
	};
	rootObject = 99CDB0352337B8CA009FFADF /* Project object */;
}
